
Microsoft Visual Studio Solution File, Format Version 12.00
# Visual Studio Version 16
VisualStudioVersion = 16.0.29905.134
MinimumVisualStudioVersion = 10.0.40219.1
Project("{FAE04EC0-301F-11D3-BF4B-00C04F79EFBC}") = "HalszkaCiesielskaZad1", "HalszkaCiesielskaZad1\HalszkaCiesielskaZad1.csproj", "{C6B28070-A64D-4C31-8F52-AC727B8CAACA}"
EndProject
Global
	GlobalSection(SolutionConfigurationPlatforms) = preSolution
		Debug|Any CPU = Debug|Any CPU
		Release|Any CPU = Release|Any CPU
	EndGlobalSection
	GlobalSection(ProjectConfigurationPlatforms) = postSolution
		{C6B28070-A64D-4C31-8F52-AC727B8CAACA}.Debug|Any CPU.ActiveCfg = Debug|Any CPU
		{C6B28070-A64D-4C31-8F52-AC727B8CAACA}.Debug|Any CPU.Build.0 = Debug|Any CPU
		{C6B28070-A64D-4C31-8F52-AC727B8CAACA}.Release|Any CPU.ActiveCfg = Release|Any CPU
		{C6B28070-A64D-4C31-8F52-AC727B8CAACA}.Release|Any CPU.Build.0 = Release|Any CPU
	EndGlobalSection
	GlobalSection(SolutionProperties) = preSolution
		HideSolutionNode = FALSE
	EndGlobalSection
	GlobalSection(ExtensibilityGlobals) = postSolution
		SolutionGuid = {7F5E06EF-E628-4642-8718-FF6C8EC29A9C}
	EndGlobalSection
EndGlobal
